
Microsoft Visual Studio Solution File, Format Version 12.00
# Visual Studio Version 17
VisualStudioVersion = 17.10.34928.147
MinimumVisualStudioVersion = 10.0.40219.1
Project("{9A19103F-16F7-4668-BE54-9A1E7A4F7556}") = "KeywordsAndIdentifiers", "KeywordsAndIdentifiers\KeywordsAndIdentifiers.csproj", "{5D4776FF-1D94-476A-9E80-0E5057AE65C2}"
EndProject
Project("{2150E333-8FDC-42A3-9474-1A3956D46DE8}") = "AsyncAndMultithreading", "AsyncAndMultithreading", "{CBE41BEB-685F-4AD0-BE99-290D897A53D7}"
EndProject
Project("{9A19103F-16F7-4668-BE54-9A1E7A4F7556}") = "AsyncAndAwait", "AsyncAndAwait\AsyncAndAwait.csproj", "{A089DFA4-F010-4EDF-9B76-4927B667DF9C}"
EndProject
Project("{2150E333-8FDC-42A3-9474-1A3956D46DE8}") = "Collections", "Collections", "{EF706A8E-DC03-408C-8C2E-4AE96985082D}"
EndProject
Project("{9A19103F-16F7-4668-BE54-9A1E7A4F7556}") = "Thread", "Thread\Thread.csproj", "{A99BE442-15E4-469E-9364-1F5EAC1B4E63}"
EndProject
Project("{9A19103F-16F7-4668-BE54-9A1E7A4F7556}") = "Task", "Task\Task.csproj", "{60F60748-D54B-453E-A1DE-D704776225FB}"
EndProject
Project("{2150E333-8FDC-42A3-9474-1A3956D46DE8}") = "InterfaceAndAbstraction", "InterfaceAndAbstraction", "{F3C92B34-AD58-4E82-A2D7-FEC740C9344A}"
EndProject
Project("{2150E333-8FDC-42A3-9474-1A3956D46DE8}") = "Polymorphism", "Polymorphism", "{21F0B70D-7F40-45DA-BD2F-7C532ED3135E}"
EndProject
Project("{9A19103F-16F7-4668-BE54-9A1E7A4F7556}") = "ConditionalAndIteration", "ConditionalAndIteration\ConditionalAndIteration.csproj", "{23FEED6B-74B1-45F5-B453-FDB51BEB753D}"
EndProject
Project("{9A19103F-16F7-4668-BE54-9A1E7A4F7556}") = "StringAndOperations", "StringAndOperations\StringAndOperations.csproj", "{34A87F18-0E61-4CE0-B50C-7A3056D24347}"
EndProject
Project("{9A19103F-16F7-4668-BE54-9A1E7A4F7556}") = "Methods", "Methods\Methods.csproj", "{56833C0B-45A1-40EC-92CA-596F92D0BB26}"
EndProject
Project("{9A19103F-16F7-4668-BE54-9A1E7A4F7556}") = "ClassAndConstructors", "ClassAndConstructors\ClassAndConstructors.csproj", "{37DBCE3B-566D-4E13-AF63-0920524F60CA}"
EndProject
Project("{2150E333-8FDC-42A3-9474-1A3956D46DE8}") = "LINQ", "LINQ", "{90C12043-E59C-42AA-AB1B-9C31A19C400F}"
EndProject
Project("{9A19103F-16F7-4668-BE54-9A1E7A4F7556}") = "DataTypesAndConversion", "DataTypesAndConversion\DataTypesAndConversion.csproj", "{4473A268-6B2E-428C-9AF2-99C9AABD9D71}"
EndProject
Project("{9A19103F-16F7-4668-BE54-9A1E7A4F7556}") = "VariableAndDeclarations", "VariableAndDeclarations\VariableAndDeclarations.csproj", "{7ECD7EC2-D264-4A19-92BD-E1054E3C1EFE}"
EndProject
Project("{9A19103F-16F7-4668-BE54-9A1E7A4F7556}") = "Array", "Array\Array.csproj", "{BDDA9B5F-E8CC-4078-A1E8-19346D55551B}"
EndProject
Project("{9A19103F-16F7-4668-BE54-9A1E7A4F7556}") = "GenericsCollections", "GenericsCollections\GenericsCollections.csproj", "{E54AAE53-BA83-4D76-B41B-2B81B0F70A5C}"
EndProject
Project("{9A19103F-16F7-4668-BE54-9A1E7A4F7556}") = "NonGenericsCollection", "NonGenericsCollection\NonGenericsCollection.csproj", "{CC552900-65F3-49A7-893C-D84DA78EA079}"
EndProject
Project("{9A19103F-16F7-4668-BE54-9A1E7A4F7556}") = "GenericClass", "GenericClass\GenericClass.csproj", "{B93D2DE0-5031-40CB-82FB-9FAC7D347DDB}"
EndProject
Project("{9A19103F-16F7-4668-BE54-9A1E7A4F7556}") = "Queries", "Queries\Queries.csproj", "{50984B49-8691-446B-AFED-457BB4026A6C}"
EndProject
Project("{9A19103F-16F7-4668-BE54-9A1E7A4F7556}") = "expressionsByMethod", "expressionsByMethod\expressionsByMethod.csproj", "{F5C07998-B4CE-47D5-AD74-90549DB5F764}"
EndProject
Project("{9A19103F-16F7-4668-BE54-9A1E7A4F7556}") = "Interfaces", "Interfaces\Interfaces.csproj", "{F00B39E4-5166-4976-99FB-E9D3FAB61463}"
EndProject
Project("{9A19103F-16F7-4668-BE54-9A1E7A4F7556}") = "AbstractClass", "AbstractClass\AbstractClass.csproj", "{748DB9AE-41F8-4F6C-8972-19EDCF56E296}"
EndProject
Project("{9A19103F-16F7-4668-BE54-9A1E7A4F7556}") = "Polymorphism", "Polymorphism\Polymorphism.csproj", "{06EDD5FC-AED8-42A0-9511-AB90159064CF}"
EndProject
Project("{9A19103F-16F7-4668-BE54-9A1E7A4F7556}") = "TryCatch", "TryCatch\TryCatch.csproj", "{5B62F1D3-11B7-4FD3-B55B-F052C81EBBCF}"
EndProject
Project("{2150E333-8FDC-42A3-9474-1A3956D46DE8}") = "Directory&Files", "Directory&Files", "{ACA0712F-05D7-4CAC-8D47-C86F8E358637}"
EndProject
Project("{9A19103F-16F7-4668-BE54-9A1E7A4F7556}") = "Directory", "Directory\Directory.csproj", "{B89CFDC4-F622-4845-B4D3-B9F2E0882C22}"
EndProject
Project("{9A19103F-16F7-4668-BE54-9A1E7A4F7556}") = "Files", "Files\Files.csproj", "{054AB1B7-A28A-4B9B-9E39-110B54E553B1}"
EndProject
Project("{FAE04EC0-301F-11D3-BF4B-00C04F79EFBC}") = "Stream", "Stream\Stream.csproj", "{F0D7E9BB-6930-47E6-871E-9C220EC599A8}"
EndProject
Global
	GlobalSection(SolutionConfigurationPlatforms) = preSolution
		Debug|Any CPU = Debug|Any CPU
		Release|Any CPU = Release|Any CPU
	EndGlobalSection
	GlobalSection(ProjectConfigurationPlatforms) = postSolution
		{5D4776FF-1D94-476A-9E80-0E5057AE65C2}.Debug|Any CPU.ActiveCfg = Debug|Any CPU
		{5D4776FF-1D94-476A-9E80-0E5057AE65C2}.Debug|Any CPU.Build.0 = Debug|Any CPU
		{5D4776FF-1D94-476A-9E80-0E5057AE65C2}.Release|Any CPU.ActiveCfg = Release|Any CPU
		{5D4776FF-1D94-476A-9E80-0E5057AE65C2}.Release|Any CPU.Build.0 = Release|Any CPU
		{A089DFA4-F010-4EDF-9B76-4927B667DF9C}.Debug|Any CPU.ActiveCfg = Debug|Any CPU
		{A089DFA4-F010-4EDF-9B76-4927B667DF9C}.Debug|Any CPU.Build.0 = Debug|Any CPU
		{A089DFA4-F010-4EDF-9B76-4927B667DF9C}.Release|Any CPU.ActiveCfg = Release|Any CPU
		{A089DFA4-F010-4EDF-9B76-4927B667DF9C}.Release|Any CPU.Build.0 = Release|Any CPU
		{A99BE442-15E4-469E-9364-1F5EAC1B4E63}.Debug|Any CPU.ActiveCfg = Debug|Any CPU
		{A99BE442-15E4-469E-9364-1F5EAC1B4E63}.Debug|Any CPU.Build.0 = Debug|Any CPU
		{A99BE442-15E4-469E-9364-1F5EAC1B4E63}.Release|Any CPU.ActiveCfg = Release|Any CPU
		{A99BE442-15E4-469E-9364-1F5EAC1B4E63}.Release|Any CPU.Build.0 = Release|Any CPU
		{60F60748-D54B-453E-A1DE-D704776225FB}.Debug|Any CPU.ActiveCfg = Debug|Any CPU
		{60F60748-D54B-453E-A1DE-D704776225FB}.Debug|Any CPU.Build.0 = Debug|Any CPU
		{60F60748-D54B-453E-A1DE-D704776225FB}.Release|Any CPU.ActiveCfg = Release|Any CPU
		{60F60748-D54B-453E-A1DE-D704776225FB}.Release|Any CPU.Build.0 = Release|Any CPU
		{23FEED6B-74B1-45F5-B453-FDB51BEB753D}.Debug|Any CPU.ActiveCfg = Debug|Any CPU
		{23FEED6B-74B1-45F5-B453-FDB51BEB753D}.Debug|Any CPU.Build.0 = Debug|Any CPU
		{23FEED6B-74B1-45F5-B453-FDB51BEB753D}.Release|Any CPU.ActiveCfg = Release|Any CPU
		{23FEED6B-74B1-45F5-B453-FDB51BEB753D}.Release|Any CPU.Build.0 = Release|Any CPU
		{34A87F18-0E61-4CE0-B50C-7A3056D24347}.Debug|Any CPU.ActiveCfg = Debug|Any CPU
		{34A87F18-0E61-4CE0-B50C-7A3056D24347}.Debug|Any CPU.Build.0 = Debug|Any CPU
		{34A87F18-0E61-4CE0-B50C-7A3056D24347}.Release|Any CPU.ActiveCfg = Release|Any CPU
		{34A87F18-0E61-4CE0-B50C-7A3056D24347}.Release|Any CPU.Build.0 = Release|Any CPU
		{56833C0B-45A1-40EC-92CA-596F92D0BB26}.Debug|Any CPU.ActiveCfg = Debug|Any CPU
		{56833C0B-45A1-40EC-92CA-596F92D0BB26}.Debug|Any CPU.Build.0 = Debug|Any CPU
		{56833C0B-45A1-40EC-92CA-596F92D0BB26}.Release|Any CPU.ActiveCfg = Release|Any CPU
		{56833C0B-45A1-40EC-92CA-596F92D0BB26}.Release|Any CPU.Build.0 = Release|Any CPU
		{37DBCE3B-566D-4E13-AF63-0920524F60CA}.Debug|Any CPU.ActiveCfg = Debug|Any CPU
		{37DBCE3B-566D-4E13-AF63-0920524F60CA}.Debug|Any CPU.Build.0 = Debug|Any CPU
		{37DBCE3B-566D-4E13-AF63-0920524F60CA}.Release|Any CPU.ActiveCfg = Release|Any CPU
		{37DBCE3B-566D-4E13-AF63-0920524F60CA}.Release|Any CPU.Build.0 = Release|Any CPU
		{4473A268-6B2E-428C-9AF2-99C9AABD9D71}.Debug|Any CPU.ActiveCfg = Debug|Any CPU
		{4473A268-6B2E-428C-9AF2-99C9AABD9D71}.Debug|Any CPU.Build.0 = Debug|Any CPU
		{4473A268-6B2E-428C-9AF2-99C9AABD9D71}.Release|Any CPU.ActiveCfg = Release|Any CPU
		{4473A268-6B2E-428C-9AF2-99C9AABD9D71}.Release|Any CPU.Build.0 = Release|Any CPU
		{7ECD7EC2-D264-4A19-92BD-E1054E3C1EFE}.Debug|Any CPU.ActiveCfg = Debug|Any CPU
		{7ECD7EC2-D264-4A19-92BD-E1054E3C1EFE}.Debug|Any CPU.Build.0 = Debug|Any CPU
		{7ECD7EC2-D264-4A19-92BD-E1054E3C1EFE}.Release|Any CPU.ActiveCfg = Release|Any CPU
		{7ECD7EC2-D264-4A19-92BD-E1054E3C1EFE}.Release|Any CPU.Build.0 = Release|Any CPU
		{BDDA9B5F-E8CC-4078-A1E8-19346D55551B}.Debug|Any CPU.ActiveCfg = Debug|Any CPU
		{BDDA9B5F-E8CC-4078-A1E8-19346D55551B}.Debug|Any CPU.Build.0 = Debug|Any CPU
		{BDDA9B5F-E8CC-4078-A1E8-19346D55551B}.Release|Any CPU.ActiveCfg = Release|Any CPU
		{BDDA9B5F-E8CC-4078-A1E8-19346D55551B}.Release|Any CPU.Build.0 = Release|Any CPU
		{E54AAE53-BA83-4D76-B41B-2B81B0F70A5C}.Debug|Any CPU.ActiveCfg = Debug|Any CPU
		{E54AAE53-BA83-4D76-B41B-2B81B0F70A5C}.Debug|Any CPU.Build.0 = Debug|Any CPU
		{E54AAE53-BA83-4D76-B41B-2B81B0F70A5C}.Release|Any CPU.ActiveCfg = Release|Any CPU
		{E54AAE53-BA83-4D76-B41B-2B81B0F70A5C}.Release|Any CPU.Build.0 = Release|Any CPU
		{CC552900-65F3-49A7-893C-D84DA78EA079}.Debug|Any CPU.ActiveCfg = Debug|Any CPU
		{CC552900-65F3-49A7-893C-D84DA78EA079}.Debug|Any CPU.Build.0 = Debug|Any CPU
		{CC552900-65F3-49A7-893C-D84DA78EA079}.Release|Any CPU.ActiveCfg = Release|Any CPU
		{CC552900-65F3-49A7-893C-D84DA78EA079}.Release|Any CPU.Build.0 = Release|Any CPU
		{B93D2DE0-5031-40CB-82FB-9FAC7D347DDB}.Debug|Any CPU.ActiveCfg = Debug|Any CPU
		{B93D2DE0-5031-40CB-82FB-9FAC7D347DDB}.Debug|Any CPU.Build.0 = Debug|Any CPU
		{B93D2DE0-5031-40CB-82FB-9FAC7D347DDB}.Release|Any CPU.ActiveCfg = Release|Any CPU
		{B93D2DE0-5031-40CB-82FB-9FAC7D347DDB}.Release|Any CPU.Build.0 = Release|Any CPU
		{50984B49-8691-446B-AFED-457BB4026A6C}.Debug|Any CPU.ActiveCfg = Debug|Any CPU
		{50984B49-8691-446B-AFED-457BB4026A6C}.Debug|Any CPU.Build.0 = Debug|Any CPU
		{50984B49-8691-446B-AFED-457BB4026A6C}.Release|Any CPU.ActiveCfg = Release|Any CPU
		{50984B49-8691-446B-AFED-457BB4026A6C}.Release|Any CPU.Build.0 = Release|Any CPU
		{F5C07998-B4CE-47D5-AD74-90549DB5F764}.Debug|Any CPU.ActiveCfg = Debug|Any CPU
		{F5C07998-B4CE-47D5-AD74-90549DB5F764}.Debug|Any CPU.Build.0 = Debug|Any CPU
		{F5C07998-B4CE-47D5-AD74-90549DB5F764}.Release|Any CPU.ActiveCfg = Release|Any CPU
		{F5C07998-B4CE-47D5-AD74-90549DB5F764}.Release|Any CPU.Build.0 = Release|Any CPU
		{F00B39E4-5166-4976-99FB-E9D3FAB61463}.Debug|Any CPU.ActiveCfg = Debug|Any CPU
		{F00B39E4-5166-4976-99FB-E9D3FAB61463}.Debug|Any CPU.Build.0 = Debug|Any CPU
		{F00B39E4-5166-4976-99FB-E9D3FAB61463}.Release|Any CPU.ActiveCfg = Release|Any CPU
		{F00B39E4-5166-4976-99FB-E9D3FAB61463}.Release|Any CPU.Build.0 = Release|Any CPU
		{748DB9AE-41F8-4F6C-8972-19EDCF56E296}.Debug|Any CPU.ActiveCfg = Debug|Any CPU
		{748DB9AE-41F8-4F6C-8972-19EDCF56E296}.Debug|Any CPU.Build.0 = Debug|Any CPU
		{748DB9AE-41F8-4F6C-8972-19EDCF56E296}.Release|Any CPU.ActiveCfg = Release|Any CPU
		{748DB9AE-41F8-4F6C-8972-19EDCF56E296}.Release|Any CPU.Build.0 = Release|Any CPU
		{06EDD5FC-AED8-42A0-9511-AB90159064CF}.Debug|Any CPU.ActiveCfg = Debug|Any CPU
		{06EDD5FC-AED8-42A0-9511-AB90159064CF}.Debug|Any CPU.Build.0 = Debug|Any CPU
		{06EDD5FC-AED8-42A0-9511-AB90159064CF}.Release|Any CPU.ActiveCfg = Release|Any CPU
		{06EDD5FC-AED8-42A0-9511-AB90159064CF}.Release|Any CPU.Build.0 = Release|Any CPU
		{5B62F1D3-11B7-4FD3-B55B-F052C81EBBCF}.Debug|Any CPU.ActiveCfg = Debug|Any CPU
		{5B62F1D3-11B7-4FD3-B55B-F052C81EBBCF}.Debug|Any CPU.Build.0 = Debug|Any CPU
		{5B62F1D3-11B7-4FD3-B55B-F052C81EBBCF}.Release|Any CPU.ActiveCfg = Release|Any CPU
		{5B62F1D3-11B7-4FD3-B55B-F052C81EBBCF}.Release|Any CPU.Build.0 = Release|Any CPU
		{B89CFDC4-F622-4845-B4D3-B9F2E0882C22}.Debug|Any CPU.ActiveCfg = Debug|Any CPU
		{B89CFDC4-F622-4845-B4D3-B9F2E0882C22}.Debug|Any CPU.Build.0 = Debug|Any CPU
		{B89CFDC4-F622-4845-B4D3-B9F2E0882C22}.Release|Any CPU.ActiveCfg = Release|Any CPU
		{B89CFDC4-F622-4845-B4D3-B9F2E0882C22}.Release|Any CPU.Build.0 = Release|Any CPU
		{054AB1B7-A28A-4B9B-9E39-110B54E553B1}.Debug|Any CPU.ActiveCfg = Debug|Any CPU
		{054AB1B7-A28A-4B9B-9E39-110B54E553B1}.Debug|Any CPU.Build.0 = Debug|Any CPU
		{054AB1B7-A28A-4B9B-9E39-110B54E553B1}.Release|Any CPU.ActiveCfg = Release|Any CPU
		{054AB1B7-A28A-4B9B-9E39-110B54E553B1}.Release|Any CPU.Build.0 = Release|Any CPU
		{F0D7E9BB-6930-47E6-871E-9C220EC599A8}.Debug|Any CPU.ActiveCfg = Debug|Any CPU
		{F0D7E9BB-6930-47E6-871E-9C220EC599A8}.Debug|Any CPU.Build.0 = Debug|Any CPU
		{F0D7E9BB-6930-47E6-871E-9C220EC599A8}.Release|Any CPU.ActiveCfg = Release|Any CPU
		{F0D7E9BB-6930-47E6-871E-9C220EC599A8}.Release|Any CPU.Build.0 = Release|Any CPU
	EndGlobalSection
	GlobalSection(SolutionProperties) = preSolution
		HideSolutionNode = FALSE
	EndGlobalSection
	GlobalSection(NestedProjects) = preSolution
		{A089DFA4-F010-4EDF-9B76-4927B667DF9C} = {CBE41BEB-685F-4AD0-BE99-290D897A53D7}
		{A99BE442-15E4-469E-9364-1F5EAC1B4E63} = {CBE41BEB-685F-4AD0-BE99-290D897A53D7}
		{60F60748-D54B-453E-A1DE-D704776225FB} = {CBE41BEB-685F-4AD0-BE99-290D897A53D7}
		{E54AAE53-BA83-4D76-B41B-2B81B0F70A5C} = {EF706A8E-DC03-408C-8C2E-4AE96985082D}
		{CC552900-65F3-49A7-893C-D84DA78EA079} = {EF706A8E-DC03-408C-8C2E-4AE96985082D}
		{50984B49-8691-446B-AFED-457BB4026A6C} = {90C12043-E59C-42AA-AB1B-9C31A19C400F}
		{F5C07998-B4CE-47D5-AD74-90549DB5F764} = {90C12043-E59C-42AA-AB1B-9C31A19C400F}
		{F00B39E4-5166-4976-99FB-E9D3FAB61463} = {F3C92B34-AD58-4E82-A2D7-FEC740C9344A}
		{748DB9AE-41F8-4F6C-8972-19EDCF56E296} = {F3C92B34-AD58-4E82-A2D7-FEC740C9344A}
		{06EDD5FC-AED8-42A0-9511-AB90159064CF} = {21F0B70D-7F40-45DA-BD2F-7C532ED3135E}
		{B89CFDC4-F622-4845-B4D3-B9F2E0882C22} = {ACA0712F-05D7-4CAC-8D47-C86F8E358637}
		{054AB1B7-A28A-4B9B-9E39-110B54E553B1} = {ACA0712F-05D7-4CAC-8D47-C86F8E358637}
		{F0D7E9BB-6930-47E6-871E-9C220EC599A8} = {ACA0712F-05D7-4CAC-8D47-C86F8E358637}
	EndGlobalSection
	GlobalSection(ExtensibilityGlobals) = postSolution
		SolutionGuid = {8EABF633-ADA3-4546-B310-A4A4A24A8713}
	EndGlobalSection
EndGlobal
